
Microsoft Visual Studio Solution File, Format Version 12.00
# Visual Studio Version 17
VisualStudioVersion = 17.10.35122.118
MinimumVisualStudioVersion = 10.0.40219.1
Project("{FAE04EC0-301F-11D3-BF4B-00C04F79EFBC}") = "Web", "Web\Web.csproj", "{31F2D1D0-462E-447E-B0EA-979764A6D27B}"
EndProject
Project("{FAE04EC0-301F-11D3-BF4B-00C04F79EFBC}") = "Application", "Application\Application.csproj", "{9E8AB38E-33CE-4686-B565-16574B2976F3}"
EndProject
Project("{FAE04EC0-301F-11D3-BF4B-00C04F79EFBC}") = "Domain", "Domain\Domain.csproj", "{00B93151-D4FA-488A-9574-F747DEA24ED5}"
EndProject
Project("{FAE04EC0-301F-11D3-BF4B-00C04F79EFBC}") = "Infrastructure", "Infrastructure\Infrastructure.csproj", "{6E38E6B8-9443-43AC-9B01-F9390F76837A}"
EndProject
Global
	GlobalSection(SolutionConfigurationPlatforms) = preSolution
		Debug|Any CPU = Debug|Any CPU
		Release|Any CPU = Release|Any CPU
	EndGlobalSection
	GlobalSection(ProjectConfigurationPlatforms) = postSolution
		{31F2D1D0-462E-447E-B0EA-979764A6D27B}.Debug|Any CPU.ActiveCfg = Debug|Any CPU
		{31F2D1D0-462E-447E-B0EA-979764A6D27B}.Debug|Any CPU.Build.0 = Debug|Any CPU
		{31F2D1D0-462E-447E-B0EA-979764A6D27B}.Release|Any CPU.ActiveCfg = Release|Any CPU
		{31F2D1D0-462E-447E-B0EA-979764A6D27B}.Release|Any CPU.Build.0 = Release|Any CPU
		{9E8AB38E-33CE-4686-B565-16574B2976F3}.Debug|Any CPU.ActiveCfg = Debug|Any CPU
		{9E8AB38E-33CE-4686-B565-16574B2976F3}.Debug|Any CPU.Build.0 = Debug|Any CPU
		{9E8AB38E-33CE-4686-B565-16574B2976F3}.Release|Any CPU.ActiveCfg = Release|Any CPU
		{9E8AB38E-33CE-4686-B565-16574B2976F3}.Release|Any CPU.Build.0 = Release|Any CPU
		{00B93151-D4FA-488A-9574-F747DEA24ED5}.Debug|Any CPU.ActiveCfg = Debug|Any CPU
		{00B93151-D4FA-488A-9574-F747DEA24ED5}.Debug|Any CPU.Build.0 = Debug|Any CPU
		{00B93151-D4FA-488A-9574-F747DEA24ED5}.Release|Any CPU.ActiveCfg = Release|Any CPU
		{00B93151-D4FA-488A-9574-F747DEA24ED5}.Release|Any CPU.Build.0 = Release|Any CPU
		{6E38E6B8-9443-43AC-9B01-F9390F76837A}.Debug|Any CPU.ActiveCfg = Debug|Any CPU
		{6E38E6B8-9443-43AC-9B01-F9390F76837A}.Debug|Any CPU.Build.0 = Debug|Any CPU
		{6E38E6B8-9443-43AC-9B01-F9390F76837A}.Release|Any CPU.ActiveCfg = Release|Any CPU
		{6E38E6B8-9443-43AC-9B01-F9390F76837A}.Release|Any CPU.Build.0 = Release|Any CPU
	EndGlobalSection
	GlobalSection(SolutionProperties) = preSolution
		HideSolutionNode = FALSE
	EndGlobalSection
	GlobalSection(ExtensibilityGlobals) = postSolution
		SolutionGuid = {722981E7-9496-4418-AE2A-CF6E66ECA96E}
	EndGlobalSection
EndGlobal
